<?xml version="1.0" encoding="utf-8"?>
<Project ToolsVersion="4.0" xmlns="http://schemas.microsoft.com/developer/msbuild/2003">
  <ItemGroup>
    <Filter Include="win32">
      <UniqueIdentifier>{84a8ebd7-7cf0-47f6-b75e-d441df67da40}</UniqueIdentifier>
    </Filter>
    <Filter Include="Classes">
      <UniqueIdentifier>{bb6c862e-70e9-49d9-81b7-3829a6f50471}</UniqueIdentifier>
    </Filter>
    <Filter Include="resource">
      <UniqueIdentifier>{715254bc-d70b-4ec5-bf29-467dd3ace079}</UniqueIdentifier>
    </Filter>
    <Filter Include="Classes\loader">
      <UniqueIdentifier>{38f0ae7c-8d0e-45f6-8b34-4781b946c986}</UniqueIdentifier>
    </Filter>
    <Filter Include="Classes\utils">
      <UniqueIdentifier>{f8cc7234-4ca6-4342-9dad-9b7592ea763e}</UniqueIdentifier>
    </Filter>
    <Filter Include="Classes\map">
      <UniqueIdentifier>{12a3b2ae-5189-455d-b4da-4b520d9e3e94}</UniqueIdentifier>
    </Filter>
    <Filter Include="Classes\fight">
      <UniqueIdentifier>{b8a96b0b-998c-49b0-a610-820bab0404dc}</UniqueIdentifier>
    </Filter>
  </ItemGroup>
  <ItemGroup>
    <ClCompile Include="main.cpp">
      <Filter>win32</Filter>
    </ClCompile>
    <ClCompile Include="..\Classes\AppDelegate.cpp">
      <Filter>Classes</Filter>
    </ClCompile>
    <ClCompile Include="..\Classes\GameController.cpp">
      <Filter>Classes</Filter>
    </ClCompile>
    <ClCompile Include="..\Classes\LoadingScene.cpp">
      <Filter>Classes</Filter>
    </ClCompile>
    <ClCompile Include="..\Classes\MainHudScene.cpp">
      <Filter>Classes</Filter>
    </ClCompile>
    <ClCompile Include="..\Classes\loader\LoaderItem.cpp">
      <Filter>Classes\loader</Filter>
    </ClCompile>
    <ClCompile Include="..\Classes\loader\LoaderManager.cpp">
      <Filter>Classes\loader</Filter>
    </ClCompile>
    <ClCompile Include="..\Classes\utils\pugixml.cpp">
      <Filter>Classes\utils</Filter>
    </ClCompile>
    <ClCompile Include="..\Classes\utils\Tools.cpp">
      <Filter>Classes\utils</Filter>
    </ClCompile>
    <ClCompile Include="..\Classes\utils\StringUtil.cpp">
      <Filter>Classes\utils</Filter>
    </ClCompile>
    <ClCompile Include="..\Classes\map\ScriptMapScene.cpp">
      <Filter>Classes\map</Filter>
    </ClCompile>
    <ClCompile Include="..\Classes\fight\FightScene.cpp" />
  </ItemGroup>
  <ItemGroup>
    <ClInclude Include="main.h">
      <Filter>win32</Filter>
    </ClInclude>
    <ClInclude Include="..\Classes\AppDelegate.h">
      <Filter>Classes</Filter>
    </ClInclude>
    <ClInclude Include="..\Classes\GameController.h">
      <Filter>Classes</Filter>
    </ClInclude>
    <ClInclude Include="..\Classes\LoadingScene.h">
      <Filter>Classes</Filter>
    </ClInclude>
    <ClInclude Include="..\Classes\MainHudScene.h">
      <Filter>Classes</Filter>
    </ClInclude>
    <ClInclude Include="..\Classes\ResourceType.h">
      <Filter>Classes</Filter>
    </ClInclude>
    <ClInclude Include="..\Classes\TFMacro.h">
      <Filter>Classes</Filter>
    </ClInclude>
    <ClInclude Include="..\Classes\loader\LoaderItem.h">
      <Filter>Classes\loader</Filter>
    </ClInclude>
    <ClInclude Include="..\Classes\loader\LoaderManager.h">
      <Filter>Classes\loader</Filter>
    </ClInclude>
    <ClInclude Include="..\Classes\loader\ResourceType.h">
      <Filter>Classes\loader</Filter>
    </ClInclude>
    <ClInclude Include="..\Classes\utils\pugiconfig.hpp">
      <Filter>Classes\utils</Filter>
    </ClInclude>
    <ClInclude Include="..\Classes\utils\pugixml.hpp">
      <Filter>Classes\utils</Filter>
    </ClInclude>
    <ClInclude Include="..\Classes\utils\Tools.h">
      <Filter>Classes\utils</Filter>
    </ClInclude>
    <ClInclude Include="..\Classes\utils\StringUtil.h">
      <Filter>Classes\utils</Filter>
    </ClInclude>
    <ClInclude Include="..\Classes\map\ScriptMapScene.h">
      <Filter>Classes\map</Filter>
    </ClInclude>
    <ClInclude Include="..\Classes\fight\FightScene.h" />
  </ItemGroup>
  <ItemGroup>
    <ResourceCompile Include="game.rc">
      <Filter>resource</Filter>
    </ResourceCompile>
  </ItemGroup>
</Project>